
Microsoft Visual Studio Solution File, Format Version 12.00
# Visual Studio 15
VisualStudioVersion = 15.0.28307.1022
MinimumVisualStudioVersion = 10.0.40219.1
Project("{9092AA53-FB77-4645-B42D-1CCCA6BD08BD}") = "FileTools", "FileTools\FileTools.njsproj", "{4524576D-2165-4CFA-BFAF-6A4DAB31EDE8}"
EndProject
Global
	GlobalSection(SolutionConfigurationPlatforms) = preSolution
		Debug|Any CPU = Debug|Any CPU
		Release|Any CPU = Release|Any CPU
	EndGlobalSection
	GlobalSection(ProjectConfigurationPlatforms) = postSolution
		{4524576D-2165-4CFA-BFAF-6A4DAB31EDE8}.Debug|Any CPU.ActiveCfg = Debug|Any CPU
		{4524576D-2165-4CFA-BFAF-6A4DAB31EDE8}.Debug|Any CPU.Build.0 = Debug|Any CPU
		{4524576D-2165-4CFA-BFAF-6A4DAB31EDE8}.Release|Any CPU.ActiveCfg = Release|Any CPU
		{4524576D-2165-4CFA-BFAF-6A4DAB31EDE8}.Release|Any CPU.Build.0 = Release|Any CPU
	EndGlobalSection
	GlobalSection(SolutionProperties) = preSolution
		HideSolutionNode = FALSE
	EndGlobalSection
	GlobalSection(ExtensibilityGlobals) = postSolution
		SolutionGuid = {67D9D7E8-2D2A-4F51-AA23-652405659EA1}
	EndGlobalSection
EndGlobal
